
Microsoft Visual Studio Solution File, Format Version 12.00
# Visual Studio 15
VisualStudioVersion = 15.0.26403.7
MinimumVisualStudioVersion = 10.0.40219.1
Project("{FAE04EC0-301F-11D3-BF4B-00C04F79EFBC}") = "BasicTransportation", "BasicTransportation\BasicTransportation.csproj", "{444117A7-0FF4-4862-ADFE-F314D486B498}"
EndProject
Project("{FAE04EC0-301F-11D3-BF4B-00C04F79EFBC}") = "ExampleRunner", "ExampleRunner\ExampleRunner.csproj", "{DF51927C-5A3B-4430-B60D-691CC58C6689}"
EndProject
Project("{FAE04EC0-301F-11D3-BF4B-00C04F79EFBC}") = "SharedTransportation", "SharedTransportation\SharedTransportation.csproj", "{87F7D137-6039-4FC8-A1AD-9E00A2ECB6DC}"
EndProject
Project("{FAE04EC0-301F-11D3-BF4B-00C04F79EFBC}") = "TransportationRedux", "TransportationRedux\TransportationRedux.csproj", "{5FBA1AE0-3129-4E4F-AE63-DCC513BEAB62}"
EndProject
Global
	GlobalSection(SolutionConfigurationPlatforms) = preSolution
		Debug|Any CPU = Debug|Any CPU
		Release|Any CPU = Release|Any CPU
	EndGlobalSection
	GlobalSection(ProjectConfigurationPlatforms) = postSolution
		{444117A7-0FF4-4862-ADFE-F314D486B498}.Debug|Any CPU.ActiveCfg = Debug|Any CPU
		{444117A7-0FF4-4862-ADFE-F314D486B498}.Debug|Any CPU.Build.0 = Debug|Any CPU
		{444117A7-0FF4-4862-ADFE-F314D486B498}.Release|Any CPU.ActiveCfg = Release|Any CPU
		{444117A7-0FF4-4862-ADFE-F314D486B498}.Release|Any CPU.Build.0 = Release|Any CPU
		{DF51927C-5A3B-4430-B60D-691CC58C6689}.Debug|Any CPU.ActiveCfg = Debug|Any CPU
		{DF51927C-5A3B-4430-B60D-691CC58C6689}.Debug|Any CPU.Build.0 = Debug|Any CPU
		{DF51927C-5A3B-4430-B60D-691CC58C6689}.Release|Any CPU.ActiveCfg = Release|Any CPU
		{DF51927C-5A3B-4430-B60D-691CC58C6689}.Release|Any CPU.Build.0 = Release|Any CPU
		{87F7D137-6039-4FC8-A1AD-9E00A2ECB6DC}.Debug|Any CPU.ActiveCfg = Debug|Any CPU
		{87F7D137-6039-4FC8-A1AD-9E00A2ECB6DC}.Debug|Any CPU.Build.0 = Debug|Any CPU
		{87F7D137-6039-4FC8-A1AD-9E00A2ECB6DC}.Release|Any CPU.ActiveCfg = Release|Any CPU
		{87F7D137-6039-4FC8-A1AD-9E00A2ECB6DC}.Release|Any CPU.Build.0 = Release|Any CPU
		{5FBA1AE0-3129-4E4F-AE63-DCC513BEAB62}.Debug|Any CPU.ActiveCfg = Debug|Any CPU
		{5FBA1AE0-3129-4E4F-AE63-DCC513BEAB62}.Debug|Any CPU.Build.0 = Debug|Any CPU
		{5FBA1AE0-3129-4E4F-AE63-DCC513BEAB62}.Release|Any CPU.ActiveCfg = Release|Any CPU
		{5FBA1AE0-3129-4E4F-AE63-DCC513BEAB62}.Release|Any CPU.Build.0 = Release|Any CPU
	EndGlobalSection
	GlobalSection(SolutionProperties) = preSolution
		HideSolutionNode = FALSE
	EndGlobalSection
EndGlobal
