
Microsoft Visual Studio Solution File, Format Version 12.00
# Visual Studio 15
VisualStudioVersion = 15.0.26403.7
MinimumVisualStudioVersion = 10.0.40219.1
Project("{9A19103F-16F7-4668-BE54-9A1E7A4F7556}") = "BiologicalTaxonomy", "BiologicalTaxonomy\BiologicalTaxonomy.csproj", "{BD04ADEF-6512-4579-9361-D792A3BF9EC8}"
EndProject
Project("{FAE04EC0-301F-11D3-BF4B-00C04F79EFBC}") = "SpellboundTaxonomy", "SpellboundTaxonomy\SpellboundTaxonomy.csproj", "{BF36630E-ABF6-4329-B0EA-035AC12CEFBF}"
EndProject
Global
	GlobalSection(SolutionConfigurationPlatforms) = preSolution
		Debug|Any CPU = Debug|Any CPU
		Release|Any CPU = Release|Any CPU
	EndGlobalSection
	GlobalSection(ProjectConfigurationPlatforms) = postSolution
		{BD04ADEF-6512-4579-9361-D792A3BF9EC8}.Debug|Any CPU.ActiveCfg = Debug|Any CPU
		{BD04ADEF-6512-4579-9361-D792A3BF9EC8}.Debug|Any CPU.Build.0 = Debug|Any CPU
		{BD04ADEF-6512-4579-9361-D792A3BF9EC8}.Release|Any CPU.ActiveCfg = Release|Any CPU
		{BD04ADEF-6512-4579-9361-D792A3BF9EC8}.Release|Any CPU.Build.0 = Release|Any CPU
		{BF36630E-ABF6-4329-B0EA-035AC12CEFBF}.Debug|Any CPU.ActiveCfg = Debug|Any CPU
		{BF36630E-ABF6-4329-B0EA-035AC12CEFBF}.Debug|Any CPU.Build.0 = Debug|Any CPU
		{BF36630E-ABF6-4329-B0EA-035AC12CEFBF}.Release|Any CPU.ActiveCfg = Release|Any CPU
		{BF36630E-ABF6-4329-B0EA-035AC12CEFBF}.Release|Any CPU.Build.0 = Release|Any CPU
	EndGlobalSection
	GlobalSection(SolutionProperties) = preSolution
		HideSolutionNode = FALSE
	EndGlobalSection
EndGlobal
